
Microsoft Visual Studio Solution File, Format Version 12.00
# Visual Studio Version 17
VisualStudioVersion = 17.14.37411.7
MinimumVisualStudioVersion = 10.0.40219.1
Project("{8BC9CEB8-8B4A-11D0-8D11-00A0C91BC942}") = "go2cbt", "go2cbt\go2cbt.vcxproj", "{826E45B4-D6F1-4633-0CBA-7F4CAD461C13}"
EndProject
Project("{8BC9CEB8-8B4A-11D0-8D11-00A0C91BC942}") = "cbtctl", "cbtctl\cbtctl.vcxproj", "{00633E80-29ED-4D4E-8B8C-AED3E4893EE0}"
EndProject
Project("{8BC9CEB8-8B4A-11D0-8D11-00A0C91BC942}") = "client", "client\client.vcxproj", "{50B414E2-C100-43CE-A2FB-6341E5496E0B}"
EndProject
Global
	GlobalSection(SolutionConfigurationPlatforms) = preSolution
		Debug|ARM64 = Debug|ARM64
		Debug|x64 = Debug|x64
		Release|ARM64 = Release|ARM64
		Release|x64 = Release|x64
	EndGlobalSection
	GlobalSection(ProjectConfigurationPlatforms) = postSolution
		{826E45B4-D6F1-4633-0CBA-7F4CAD461C13}.Debug|ARM64.ActiveCfg = Debug|ARM64
		{826E45B4-D6F1-4633-0CBA-7F4CAD461C13}.Debug|ARM64.Build.0 = Debug|ARM64
		{826E45B4-D6F1-4633-0CBA-7F4CAD461C13}.Debug|ARM64.Deploy.0 = Debug|ARM64
		{826E45B4-D6F1-4633-0CBA-7F4CAD461C13}.Debug|x64.ActiveCfg = Debug|x64
		{826E45B4-D6F1-4633-0CBA-7F4CAD461C13}.Debug|x64.Build.0 = Debug|x64
		{826E45B4-D6F1-4633-0CBA-7F4CAD461C13}.Debug|x64.Deploy.0 = Debug|x64
		{826E45B4-D6F1-4633-0CBA-7F4CAD461C13}.Release|ARM64.ActiveCfg = Release|ARM64
		{826E45B4-D6F1-4633-0CBA-7F4CAD461C13}.Release|ARM64.Build.0 = Release|ARM64
		{826E45B4-D6F1-4633-0CBA-7F4CAD461C13}.Release|ARM64.Deploy.0 = Release|ARM64
		{826E45B4-D6F1-4633-0CBA-7F4CAD461C13}.Release|x64.ActiveCfg = Release|x64
		{826E45B4-D6F1-4633-0CBA-7F4CAD461C13}.Release|x64.Build.0 = Release|x64
		{826E45B4-D6F1-4633-0CBA-7F4CAD461C13}.Release|x64.Deploy.0 = Release|x64
		{00633E80-29ED-4D4E-8B8C-AED3E4893EE0}.Debug|ARM64.ActiveCfg = Debug|x64
		{00633E80-29ED-4D4E-8B8C-AED3E4893EE0}.Debug|ARM64.Build.0 = Debug|x64
		{00633E80-29ED-4D4E-8B8C-AED3E4893EE0}.Debug|x64.ActiveCfg = Debug|x64
		{00633E80-29ED-4D4E-8B8C-AED3E4893EE0}.Debug|x64.Build.0 = Debug|x64
		{00633E80-29ED-4D4E-8B8C-AED3E4893EE0}.Release|ARM64.ActiveCfg = Release|x64
		{00633E80-29ED-4D4E-8B8C-AED3E4893EE0}.Release|ARM64.Build.0 = Release|x64
		{00633E80-29ED-4D4E-8B8C-AED3E4893EE0}.Release|x64.ActiveCfg = Release|x64
		{00633E80-29ED-4D4E-8B8C-AED3E4893EE0}.Release|x64.Build.0 = Release|x64
		{50B414E2-C100-43CE-A2FB-6341E5496E0B}.Debug|ARM64.ActiveCfg = Debug|x64
		{50B414E2-C100-43CE-A2FB-6341E5496E0B}.Debug|ARM64.Build.0 = Debug|x64
		{50B414E2-C100-43CE-A2FB-6341E5496E0B}.Debug|x64.ActiveCfg = Debug|x64
		{50B414E2-C100-43CE-A2FB-6341E5496E0B}.Debug|x64.Build.0 = Debug|x64
		{50B414E2-C100-43CE-A2FB-6341E5496E0B}.Release|ARM64.ActiveCfg = Release|x64
		{50B414E2-C100-43CE-A2FB-6341E5496E0B}.Release|ARM64.Build.0 = Release|x64
		{50B414E2-C100-43CE-A2FB-6341E5496E0B}.Release|x64.ActiveCfg = Release|x64
		{50B414E2-C100-43CE-A2FB-6341E5496E0B}.Release|x64.Build.0 = Release|x64
	EndGlobalSection
	GlobalSection(SolutionProperties) = preSolution
		HideSolutionNode = FALSE
	EndGlobalSection
	GlobalSection(ExtensibilityGlobals) = postSolution
		SolutionGuid = {B8933694-A347-443E-B6E2-E8934A6EEB5A}
	EndGlobalSection
EndGlobal
